<?xml version="1.0" encoding="UTF-8"?>
<CodeBlocks_project_file>
	<FileVersion major="1" minor="6"/>
	<Project>
		<Option title="GameOfLife"/>
		<Option makefile_is_custom="1"/>
		<Option compiler="gcc"/>
		<Option virtualFolders="CMake Files\;CMake Files\..\;CMake Files\..\..\;CMake Files\..\..\..\;CMake Files\..\..\..\..\;CMake Files\..\..\..\..\..\;CMake Files\..\..\..\..\..\lib64\;CMake Files\..\..\..\..\..\lib64\cmake\;CMake Files\..\..\..\..\..\lib64\cmake\Qt5\;CMake Files\..\..\..\..\..\lib64\cmake\Qt5Widgets\;CMake Files\..\..\..\..\..\lib64\cmake\Qt5Gui\;CMake Files\..\..\..\..\..\lib64\cmake\Qt5Core\;"/>
		<Build>
			<Target title="all">
				<Option working_dir="/home/bigcubecat/__folder__/APP/GameOfLife"/>
				<Option type="4"/>
				<MakeCommands>
					<Build command="/sbin/make -f &quot;/home/bigcubecat/__folder__/APP/GameOfLife/Makefile&quot;  VERBOSE=1 all"/>
					<CompileFile command="/sbin/make -f &quot;/home/bigcubecat/__folder__/APP/GameOfLife/Makefile&quot;  VERBOSE=1 &quot;$file&quot;"/>
					<Clean command="/sbin/make -f &quot;/home/bigcubecat/__folder__/APP/GameOfLife/Makefile&quot;  VERBOSE=1 clean"/>
					<DistClean command="/sbin/make -f &quot;/home/bigcubecat/__folder__/APP/GameOfLife/Makefile&quot;  VERBOSE=1 clean"/>
				</MakeCommands>
			</Target>
			<Target title="rebuild_cache">
				<Option working_dir="/home/bigcubecat/__folder__/APP/GameOfLife"/>
				<Option type="4"/>
				<MakeCommands>
					<Build command="/sbin/make -f &quot;/home/bigcubecat/__folder__/APP/GameOfLife/Makefile&quot;  VERBOSE=1 rebuild_cache"/>
					<CompileFile command="/sbin/make -f &quot;/home/bigcubecat/__folder__/APP/GameOfLife/Makefile&quot;  VERBOSE=1 &quot;$file&quot;"/>
					<Clean command="/sbin/make -f &quot;/home/bigcubecat/__folder__/APP/GameOfLife/Makefile&quot;  VERBOSE=1 clean"/>
					<DistClean command="/sbin/make -f &quot;/home/bigcubecat/__folder__/APP/GameOfLife/Makefile&quot;  VERBOSE=1 clean"/>
				</MakeCommands>
			</Target>
			<Target title="edit_cache">
				<Option working_dir="/home/bigcubecat/__folder__/APP/GameOfLife"/>
				<Option type="4"/>
				<MakeCommands>
					<Build command="/sbin/make -f &quot;/home/bigcubecat/__folder__/APP/GameOfLife/Makefile&quot;  VERBOSE=1 edit_cache"/>
					<CompileFile command="/sbin/make -f &quot;/home/bigcubecat/__folder__/APP/GameOfLife/Makefile&quot;  VERBOSE=1 &quot;$file&quot;"/>
					<Clean command="/sbin/make -f &quot;/home/bigcubecat/__folder__/APP/GameOfLife/Makefile&quot;  VERBOSE=1 clean"/>
					<DistClean command="/sbin/make -f &quot;/home/bigcubecat/__folder__/APP/GameOfLife/Makefile&quot;  VERBOSE=1 clean"/>
				</MakeCommands>
			</Target>
			<Target title="GameOfLife">
				<Option output="/home/bigcubecat/__folder__/APP/GameOfLife/GameOfLife" prefix_auto="0" extension_auto="0"/>
				<Option working_dir="/home/bigcubecat/__folder__/APP/GameOfLife"/>
				<Option object_output="./"/>
				<Option type="1"/>
				<Option compiler="gcc"/>
				<Compiler>
					<Add option="-DQT_WIDGETS_LIB"/>
					<Add option="-DQT_GUI_LIB"/>
					<Add option="-DQT_CORE_LIB"/>
					<Add option="-DQT_NO_DEBUG"/>
					<Add directory="/home/bigcubecat/__folder__/APP/GameOfLife"/>
					<Add directory="/home/bigcubecat/__folder__/APP/GameOfLife/GameOfLife_autogen/include"/>
					<Add directory="/usr/include/qt"/>
					<Add directory="/usr/include/qt/QtWidgets"/>
					<Add directory="/usr/include/qt/QtGui"/>
					<Add directory="/usr/include/qt/QtCore"/>
					<Add directory="/usr/lib/qt/mkspecs/linux-g++"/>
				</Compiler>
				<MakeCommands>
					<Build command="/sbin/make -f &quot;/home/bigcubecat/__folder__/APP/GameOfLife/Makefile&quot;  VERBOSE=1 GameOfLife"/>
					<CompileFile command="/sbin/make -f &quot;/home/bigcubecat/__folder__/APP/GameOfLife/Makefile&quot;  VERBOSE=1 &quot;$file&quot;"/>
					<Clean command="/sbin/make -f &quot;/home/bigcubecat/__folder__/APP/GameOfLife/Makefile&quot;  VERBOSE=1 clean"/>
					<DistClean command="/sbin/make -f &quot;/home/bigcubecat/__folder__/APP/GameOfLife/Makefile&quot;  VERBOSE=1 clean"/>
				</MakeCommands>
			</Target>
			<Target title="GameOfLife/fast">
				<Option output="/home/bigcubecat/__folder__/APP/GameOfLife/GameOfLife" prefix_auto="0" extension_auto="0"/>
				<Option working_dir="/home/bigcubecat/__folder__/APP/GameOfLife"/>
				<Option object_output="./"/>
				<Option type="1"/>
				<Option compiler="gcc"/>
				<Compiler>
					<Add option="-DQT_WIDGETS_LIB"/>
					<Add option="-DQT_GUI_LIB"/>
					<Add option="-DQT_CORE_LIB"/>
					<Add option="-DQT_NO_DEBUG"/>
					<Add directory="/home/bigcubecat/__folder__/APP/GameOfLife"/>
					<Add directory="/home/bigcubecat/__folder__/APP/GameOfLife/GameOfLife_autogen/include"/>
					<Add directory="/usr/include/qt"/>
					<Add directory="/usr/include/qt/QtWidgets"/>
					<Add directory="/usr/include/qt/QtGui"/>
					<Add directory="/usr/include/qt/QtCore"/>
					<Add directory="/usr/lib/qt/mkspecs/linux-g++"/>
				</Compiler>
				<MakeCommands>
					<Build command="/sbin/make -f &quot;/home/bigcubecat/__folder__/APP/GameOfLife/Makefile&quot;  VERBOSE=1 GameOfLife/fast"/>
					<CompileFile command="/sbin/make -f &quot;/home/bigcubecat/__folder__/APP/GameOfLife/Makefile&quot;  VERBOSE=1 &quot;$file&quot;"/>
					<Clean command="/sbin/make -f &quot;/home/bigcubecat/__folder__/APP/GameOfLife/Makefile&quot;  VERBOSE=1 clean"/>
					<DistClean command="/sbin/make -f &quot;/home/bigcubecat/__folder__/APP/GameOfLife/Makefile&quot;  VERBOSE=1 clean"/>
				</MakeCommands>
			</Target>
			<Target title="GameOfLife_autogen">
				<Option working_dir="/home/bigcubecat/__folder__/APP/GameOfLife"/>
				<Option type="4"/>
				<MakeCommands>
					<Build command="/sbin/make -f &quot;/home/bigcubecat/__folder__/APP/GameOfLife/Makefile&quot;  VERBOSE=1 GameOfLife_autogen"/>
					<CompileFile command="/sbin/make -f &quot;/home/bigcubecat/__folder__/APP/GameOfLife/Makefile&quot;  VERBOSE=1 &quot;$file&quot;"/>
					<Clean command="/sbin/make -f &quot;/home/bigcubecat/__folder__/APP/GameOfLife/Makefile&quot;  VERBOSE=1 clean"/>
					<DistClean command="/sbin/make -f &quot;/home/bigcubecat/__folder__/APP/GameOfLife/Makefile&quot;  VERBOSE=1 clean"/>
				</MakeCommands>
			</Target>
		</Build>
		<Unit filename="/home/bigcubecat/__folder__/APP/GameOfLife/Canvas.cpp">
			<Option target="GameOfLife"/>
		</Unit>
		<Unit filename="/home/bigcubecat/__folder__/APP/GameOfLife/Canvas.h">
			<Option target="GameOfLife"/>
		</Unit>
		<Unit filename="/home/bigcubecat/__folder__/APP/GameOfLife/GameOfLife_autogen/mocs_compilation.cpp">
			<Option target="GameOfLife"/>
		</Unit>
		<Unit filename="/home/bigcubecat/__folder__/APP/GameOfLife/intpow.cpp">
			<Option target="GameOfLife"/>
		</Unit>
		<Unit filename="/home/bigcubecat/__folder__/APP/GameOfLife/intpow.h">
			<Option target="GameOfLife"/>
		</Unit>
		<Unit filename="/home/bigcubecat/__folder__/APP/GameOfLife/io/io.cpp">
			<Option target="GameOfLife"/>
		</Unit>
		<Unit filename="/home/bigcubecat/__folder__/APP/GameOfLife/io/io.h">
			<Option target="GameOfLife"/>
		</Unit>
		<Unit filename="/home/bigcubecat/__folder__/APP/GameOfLife/main.cpp">
			<Option target="GameOfLife"/>
		</Unit>
		<Unit filename="/home/bigcubecat/__folder__/APP/GameOfLife/mainwindow.cpp">
			<Option target="GameOfLife"/>
		</Unit>
		<Unit filename="/home/bigcubecat/__folder__/APP/GameOfLife/mainwindow.h">
			<Option target="GameOfLife"/>
		</Unit>
		<Unit filename="/home/bigcubecat/__folder__/APP/GameOfLife/mainwindow.ui">
			<Option target="GameOfLife"/>
		</Unit>
		<Unit filename="/home/bigcubecat/__folder__/APP/GameOfLife/model/Life.cpp">
			<Option target="GameOfLife"/>
		</Unit>
		<Unit filename="/home/bigcubecat/__folder__/APP/GameOfLife/model/Life.h">
			<Option target="GameOfLife"/>
		</Unit>
		<Unit filename="/home/bigcubecat/__folder__/APP/GameOfLife/model/Worker.cpp">
			<Option target="GameOfLife"/>
		</Unit>
		<Unit filename="/home/bigcubecat/__folder__/APP/GameOfLife/model/Worker.h">
			<Option target="GameOfLife"/>
		</Unit>
		<Unit filename="/home/bigcubecat/__folder__/APP/GameOfLife/panel/CoordsPanel.cpp">
			<Option target="GameOfLife"/>
		</Unit>
		<Unit filename="/home/bigcubecat/__folder__/APP/GameOfLife/panel/CoordsPanel.h">
			<Option target="GameOfLife"/>
		</Unit>
		<Unit filename="/home/bigcubecat/__folder__/APP/GameOfLife/panel/Panel.cpp">
			<Option target="GameOfLife"/>
		</Unit>
		<Unit filename="/home/bigcubecat/__folder__/APP/GameOfLife/panel/Panel.h">
			<Option target="GameOfLife"/>
		</Unit>
		<Unit filename="/home/bigcubecat/__folder__/APP/GameOfLife/view/Camera.cpp">
			<Option target="GameOfLife"/>
		</Unit>
		<Unit filename="/home/bigcubecat/__folder__/APP/GameOfLife/view/Camera.h">
			<Option target="GameOfLife"/>
		</Unit>
		<Unit filename="/home/bigcubecat/__folder__/APP/GameOfLife/CMakeLists.txt">
			<Option virtualFolder="CMake Files\"/>
		</Unit>
		<Unit filename="/home/bigcubecat/__folder__/APP/GameOfLife/../../../../../lib64/cmake/Qt5/Qt5Config.cmake">
			<Option virtualFolder="CMake Files\..\..\..\..\..\lib64\cmake\Qt5\"/>
		</Unit>
		<Unit filename="/home/bigcubecat/__folder__/APP/GameOfLife/../../../../../lib64/cmake/Qt5/Qt5ConfigVersion.cmake">
			<Option virtualFolder="CMake Files\..\..\..\..\..\lib64\cmake\Qt5\"/>
		</Unit>
		<Unit filename="/home/bigcubecat/__folder__/APP/GameOfLife/../../../../../lib64/cmake/Qt5/Qt5ModuleLocation.cmake">
			<Option virtualFolder="CMake Files\..\..\..\..\..\lib64\cmake\Qt5\"/>
		</Unit>
		<Unit filename="/home/bigcubecat/__folder__/APP/GameOfLife/../../../../../lib64/cmake/Qt5Widgets/Qt5WidgetsConfig.cmake">
			<Option virtualFolder="CMake Files\..\..\..\..\..\lib64\cmake\Qt5Widgets\"/>
		</Unit>
		<Unit filename="/home/bigcubecat/__folder__/APP/GameOfLife/../../../../../lib64/cmake/Qt5Widgets/Qt5WidgetsConfigExtras.cmake">
			<Option virtualFolder="CMake Files\..\..\..\..\..\lib64\cmake\Qt5Widgets\"/>
		</Unit>
		<Unit filename="/home/bigcubecat/__folder__/APP/GameOfLife/../../../../../lib64/cmake/Qt5Widgets/Qt5WidgetsConfigVersion.cmake">
			<Option virtualFolder="CMake Files\..\..\..\..\..\lib64\cmake\Qt5Widgets\"/>
		</Unit>
		<Unit filename="/home/bigcubecat/__folder__/APP/GameOfLife/../../../../../lib64/cmake/Qt5Widgets/Qt5WidgetsMacros.cmake">
			<Option virtualFolder="CMake Files\..\..\..\..\..\lib64\cmake\Qt5Widgets\"/>
		</Unit>
		<Unit filename="/home/bigcubecat/__folder__/APP/GameOfLife/../../../../../lib64/cmake/Qt5Gui/Qt5GuiConfig.cmake">
			<Option virtualFolder="CMake Files\..\..\..\..\..\lib64\cmake\Qt5Gui\"/>
		</Unit>
		<Unit filename="/home/bigcubecat/__folder__/APP/GameOfLife/../../../../../lib64/cmake/Qt5Gui/Qt5GuiConfigExtras.cmake">
			<Option virtualFolder="CMake Files\..\..\..\..\..\lib64\cmake\Qt5Gui\"/>
		</Unit>
		<Unit filename="/home/bigcubecat/__folder__/APP/GameOfLife/../../../../../lib64/cmake/Qt5Gui/Qt5GuiConfigVersion.cmake">
			<Option virtualFolder="CMake Files\..\..\..\..\..\lib64\cmake\Qt5Gui\"/>
		</Unit>
		<Unit filename="/home/bigcubecat/__folder__/APP/GameOfLife/../../../../../lib64/cmake/Qt5Gui/Qt5Gui_QComposePlatformInputContextPlugin.cmake">
			<Option virtualFolder="CMake Files\..\..\..\..\..\lib64\cmake\Qt5Gui\"/>
		</Unit>
		<Unit filename="/home/bigcubecat/__folder__/APP/GameOfLife/../../../../../lib64/cmake/Qt5Gui/Qt5Gui_QEglFSEmulatorIntegrationPlugin.cmake">
			<Option virtualFolder="CMake Files\..\..\..\..\..\lib64\cmake\Qt5Gui\"/>
		</Unit>
		<Unit filename="/home/bigcubecat/__folder__/APP/GameOfLife/../../../../../lib64/cmake/Qt5Gui/Qt5Gui_QEglFSIntegrationPlugin.cmake">
			<Option virtualFolder="CMake Files\..\..\..\..\..\lib64\cmake\Qt5Gui\"/>
		</Unit>
		<Unit filename="/home/bigcubecat/__folder__/APP/GameOfLife/../../../../../lib64/cmake/Qt5Gui/Qt5Gui_QEglFSKmsEglDeviceIntegrationPlugin.cmake">
			<Option virtualFolder="CMake Files\..\..\..\..\..\lib64\cmake\Qt5Gui\"/>
		</Unit>
		<Unit filename="/home/bigcubecat/__folder__/APP/GameOfLife/../../../../../lib64/cmake/Qt5Gui/Qt5Gui_QEglFSKmsGbmIntegrationPlugin.cmake">
			<Option virtualFolder="CMake Files\..\..\..\..\..\lib64\cmake\Qt5Gui\"/>
		</Unit>
		<Unit filename="/home/bigcubecat/__folder__/APP/GameOfLife/../../../../../lib64/cmake/Qt5Gui/Qt5Gui_QEglFSX11IntegrationPlugin.cmake">
			<Option virtualFolder="CMake Files\..\..\..\..\..\lib64\cmake\Qt5Gui\"/>
		</Unit>
		<Unit filename="/home/bigcubecat/__folder__/APP/GameOfLife/../../../../../lib64/cmake/Qt5Gui/Qt5Gui_QEvdevKeyboardPlugin.cmake">
			<Option virtualFolder="CMake Files\..\..\..\..\..\lib64\cmake\Qt5Gui\"/>
		</Unit>
		<Unit filename="/home/bigcubecat/__folder__/APP/GameOfLife/../../../../../lib64/cmake/Qt5Gui/Qt5Gui_QEvdevMousePlugin.cmake">
			<Option virtualFolder="CMake Files\..\..\..\..\..\lib64\cmake\Qt5Gui\"/>
		</Unit>
		<Unit filename="/home/bigcubecat/__folder__/APP/GameOfLife/../../../../../lib64/cmake/Qt5Gui/Qt5Gui_QEvdevTabletPlugin.cmake">
			<Option virtualFolder="CMake Files\..\..\..\..\..\lib64\cmake\Qt5Gui\"/>
		</Unit>
		<Unit filename="/home/bigcubecat/__folder__/APP/GameOfLife/../../../../../lib64/cmake/Qt5Gui/Qt5Gui_QEvdevTouchScreenPlugin.cmake">
			<Option virtualFolder="CMake Files\..\..\..\..\..\lib64\cmake\Qt5Gui\"/>
		</Unit>
		<Unit filename="/home/bigcubecat/__folder__/APP/GameOfLife/../../../../../lib64/cmake/Qt5Gui/Qt5Gui_QGifPlugin.cmake">
			<Option virtualFolder="CMake Files\..\..\..\..\..\lib64\cmake\Qt5Gui\"/>
		</Unit>
		<Unit filename="/home/bigcubecat/__folder__/APP/GameOfLife/../../../../../lib64/cmake/Qt5Gui/Qt5Gui_QGtk3ThemePlugin.cmake">
			<Option virtualFolder="CMake Files\..\..\..\..\..\lib64\cmake\Qt5Gui\"/>
		</Unit>
		<Unit filename="/home/bigcubecat/__folder__/APP/GameOfLife/../../../../../lib64/cmake/Qt5Gui/Qt5Gui_QICNSPlugin.cmake">
			<Option virtualFolder="CMake Files\..\..\..\..\..\lib64\cmake\Qt5Gui\"/>
		</Unit>
		<Unit filename="/home/bigcubecat/__folder__/APP/GameOfLife/../../../../../lib64/cmake/Qt5Gui/Qt5Gui_QICOPlugin.cmake">
			<Option virtualFolder="CMake Files\..\..\..\..\..\lib64\cmake\Qt5Gui\"/>
		</Unit>
		<Unit filename="/home/bigcubecat/__folder__/APP/GameOfLife/../../../../../lib64/cmake/Qt5Gui/Qt5Gui_QIbusPlatformInputContextPlugin.cmake">
			<Option virtualFolder="CMake Files\..\..\..\..\..\lib64\cmake\Qt5Gui\"/>
		</Unit>
		<Unit filename="/home/bigcubecat/__folder__/APP/GameOfLife/../../../../../lib64/cmake/Qt5Gui/Qt5Gui_QJp2Plugin.cmake">
			<Option virtualFolder="CMake Files\..\..\..\..\..\lib64\cmake\Qt5Gui\"/>
		</Unit>
		<Unit filename="/home/bigcubecat/__folder__/APP/GameOfLife/../../../../../lib64/cmake/Qt5Gui/Qt5Gui_QJpegPlugin.cmake">
			<Option virtualFolder="CMake Files\..\..\..\..\..\lib64\cmake\Qt5Gui\"/>
		</Unit>
		<Unit filename="/home/bigcubecat/__folder__/APP/GameOfLife/../../../../../lib64/cmake/Qt5Gui/Qt5Gui_QLibInputPlugin.cmake">
			<Option virtualFolder="CMake Files\..\..\..\..\..\lib64\cmake\Qt5Gui\"/>
		</Unit>
		<Unit filename="/home/bigcubecat/__folder__/APP/GameOfLife/../../../../../lib64/cmake/Qt5Gui/Qt5Gui_QLinuxFbIntegrationPlugin.cmake">
			<Option virtualFolder="CMake Files\..\..\..\..\..\lib64\cmake\Qt5Gui\"/>
		</Unit>
		<Unit filename="/home/bigcubecat/__folder__/APP/GameOfLife/../../../../../lib64/cmake/Qt5Gui/Qt5Gui_QMinimalEglIntegrationPlugin.cmake">
			<Option virtualFolder="CMake Files\..\..\..\..\..\lib64\cmake\Qt5Gui\"/>
		</Unit>
		<Unit filename="/home/bigcubecat/__folder__/APP/GameOfLife/../../../../../lib64/cmake/Qt5Gui/Qt5Gui_QMinimalIntegrationPlugin.cmake">
			<Option virtualFolder="CMake Files\..\..\..\..\..\lib64\cmake\Qt5Gui\"/>
		</Unit>
		<Unit filename="/home/bigcubecat/__folder__/APP/GameOfLife/../../../../../lib64/cmake/Qt5Gui/Qt5Gui_QMngPlugin.cmake">
			<Option virtualFolder="CMake Files\..\..\..\..\..\lib64\cmake\Qt5Gui\"/>
		</Unit>
		<Unit filename="/home/bigcubecat/__folder__/APP/GameOfLife/../../../../../lib64/cmake/Qt5Gui/Qt5Gui_QOffscreenIntegrationPlugin.cmake">
			<Option virtualFolder="CMake Files\..\..\..\..\..\lib64\cmake\Qt5Gui\"/>
		</Unit>
		<Unit filename="/home/bigcubecat/__folder__/APP/GameOfLife/../../../../../lib64/cmake/Qt5Gui/Qt5Gui_QPdfPlugin.cmake">
			<Option virtualFolder="CMake Files\..\..\..\..\..\lib64\cmake\Qt5Gui\"/>
		</Unit>
		<Unit filename="/home/bigcubecat/__folder__/APP/GameOfLife/../../../../../lib64/cmake/Qt5Gui/Qt5Gui_QSvgIconPlugin.cmake">
			<Option virtualFolder="CMake Files\..\..\..\..\..\lib64\cmake\Qt5Gui\"/>
		</Unit>
		<Unit filename="/home/bigcubecat/__folder__/APP/GameOfLife/../../../../../lib64/cmake/Qt5Gui/Qt5Gui_QSvgPlugin.cmake">
			<Option virtualFolder="CMake Files\..\..\..\..\..\lib64\cmake\Qt5Gui\"/>
		</Unit>
		<Unit filename="/home/bigcubecat/__folder__/APP/GameOfLife/../../../../../lib64/cmake/Qt5Gui/Qt5Gui_QTgaPlugin.cmake">
			<Option virtualFolder="CMake Files\..\..\..\..\..\lib64\cmake\Qt5Gui\"/>
		</Unit>
		<Unit filename="/home/bigcubecat/__folder__/APP/GameOfLife/../../../../../lib64/cmake/Qt5Gui/Qt5Gui_QTiffPlugin.cmake">
			<Option virtualFolder="CMake Files\..\..\..\..\..\lib64\cmake\Qt5Gui\"/>
		</Unit>
		<Unit filename="/home/bigcubecat/__folder__/APP/GameOfLife/../../../../../lib64/cmake/Qt5Gui/Qt5Gui_QTsLibPlugin.cmake">
			<Option virtualFolder="CMake Files\..\..\..\..\..\lib64\cmake\Qt5Gui\"/>
		</Unit>
		<Unit filename="/home/bigcubecat/__folder__/APP/GameOfLife/../../../../../lib64/cmake/Qt5Gui/Qt5Gui_QTuioTouchPlugin.cmake">
			<Option virtualFolder="CMake Files\..\..\..\..\..\lib64\cmake\Qt5Gui\"/>
		</Unit>
		<Unit filename="/home/bigcubecat/__folder__/APP/GameOfLife/../../../../../lib64/cmake/Qt5Gui/Qt5Gui_QVirtualKeyboardPlugin.cmake">
			<Option virtualFolder="CMake Files\..\..\..\..\..\lib64\cmake\Qt5Gui\"/>
		</Unit>
		<Unit filename="/home/bigcubecat/__folder__/APP/GameOfLife/../../../../../lib64/cmake/Qt5Gui/Qt5Gui_QVncIntegrationPlugin.cmake">
			<Option virtualFolder="CMake Files\..\..\..\..\..\lib64\cmake\Qt5Gui\"/>
		</Unit>
		<Unit filename="/home/bigcubecat/__folder__/APP/GameOfLife/../../../../../lib64/cmake/Qt5Gui/Qt5Gui_QWaylandEglPlatformIntegrationPlugin.cmake">
			<Option virtualFolder="CMake Files\..\..\..\..\..\lib64\cmake\Qt5Gui\"/>
		</Unit>
		<Unit filename="/home/bigcubecat/__folder__/APP/GameOfLife/../../../../../lib64/cmake/Qt5Gui/Qt5Gui_QWaylandIntegrationPlugin.cmake">
			<Option virtualFolder="CMake Files\..\..\..\..\..\lib64\cmake\Qt5Gui\"/>
		</Unit>
		<Unit filename="/home/bigcubecat/__folder__/APP/GameOfLife/../../../../../lib64/cmake/Qt5Gui/Qt5Gui_QWaylandXCompositeEglPlatformIntegrationPlugin.cmake">
			<Option virtualFolder="CMake Files\..\..\..\..\..\lib64\cmake\Qt5Gui\"/>
		</Unit>
		<Unit filename="/home/bigcubecat/__folder__/APP/GameOfLife/../../../../../lib64/cmake/Qt5Gui/Qt5Gui_QWaylandXCompositeGlxPlatformIntegrationPlugin.cmake">
			<Option virtualFolder="CMake Files\..\..\..\..\..\lib64\cmake\Qt5Gui\"/>
		</Unit>
		<Unit filename="/home/bigcubecat/__folder__/APP/GameOfLife/../../../../../lib64/cmake/Qt5Gui/Qt5Gui_QWbmpPlugin.cmake">
			<Option virtualFolder="CMake Files\..\..\..\..\..\lib64\cmake\Qt5Gui\"/>
		</Unit>
		<Unit filename="/home/bigcubecat/__folder__/APP/GameOfLife/../../../../../lib64/cmake/Qt5Gui/Qt5Gui_QWebGLIntegrationPlugin.cmake">
			<Option virtualFolder="CMake Files\..\..\..\..\..\lib64\cmake\Qt5Gui\"/>
		</Unit>
		<Unit filename="/home/bigcubecat/__folder__/APP/GameOfLife/../../../../../lib64/cmake/Qt5Gui/Qt5Gui_QWebpPlugin.cmake">
			<Option virtualFolder="CMake Files\..\..\..\..\..\lib64\cmake\Qt5Gui\"/>
		</Unit>
		<Unit filename="/home/bigcubecat/__folder__/APP/GameOfLife/../../../../../lib64/cmake/Qt5Gui/Qt5Gui_QXcbEglIntegrationPlugin.cmake">
			<Option virtualFolder="CMake Files\..\..\..\..\..\lib64\cmake\Qt5Gui\"/>
		</Unit>
		<Unit filename="/home/bigcubecat/__folder__/APP/GameOfLife/../../../../../lib64/cmake/Qt5Gui/Qt5Gui_QXcbGlxIntegrationPlugin.cmake">
			<Option virtualFolder="CMake Files\..\..\..\..\..\lib64\cmake\Qt5Gui\"/>
		</Unit>
		<Unit filename="/home/bigcubecat/__folder__/APP/GameOfLife/../../../../../lib64/cmake/Qt5Gui/Qt5Gui_QXcbIntegrationPlugin.cmake">
			<Option virtualFolder="CMake Files\..\..\..\..\..\lib64\cmake\Qt5Gui\"/>
		</Unit>
		<Unit filename="/home/bigcubecat/__folder__/APP/GameOfLife/../../../../../lib64/cmake/Qt5Gui/Qt5Gui_QXdgDesktopPortalThemePlugin.cmake">
			<Option virtualFolder="CMake Files\..\..\..\..\..\lib64\cmake\Qt5Gui\"/>
		</Unit>
		<Unit filename="/home/bigcubecat/__folder__/APP/GameOfLife/../../../../../lib64/cmake/Qt5Core/Qt5CoreConfig.cmake">
			<Option virtualFolder="CMake Files\..\..\..\..\..\lib64\cmake\Qt5Core\"/>
		</Unit>
		<Unit filename="/home/bigcubecat/__folder__/APP/GameOfLife/../../../../../lib64/cmake/Qt5Core/Qt5CoreConfigExtras.cmake">
			<Option virtualFolder="CMake Files\..\..\..\..\..\lib64\cmake\Qt5Core\"/>
		</Unit>
		<Unit filename="/home/bigcubecat/__folder__/APP/GameOfLife/../../../../../lib64/cmake/Qt5Core/Qt5CoreConfigExtrasMkspecDir.cmake">
			<Option virtualFolder="CMake Files\..\..\..\..\..\lib64\cmake\Qt5Core\"/>
		</Unit>
		<Unit filename="/home/bigcubecat/__folder__/APP/GameOfLife/../../../../../lib64/cmake/Qt5Core/Qt5CoreConfigVersion.cmake">
			<Option virtualFolder="CMake Files\..\..\..\..\..\lib64\cmake\Qt5Core\"/>
		</Unit>
		<Unit filename="/home/bigcubecat/__folder__/APP/GameOfLife/../../../../../lib64/cmake/Qt5Core/Qt5CoreMacros.cmake">
			<Option virtualFolder="CMake Files\..\..\..\..\..\lib64\cmake\Qt5Core\"/>
		</Unit>
	</Project>
</CodeBlocks_project_file>
